
Microsoft Visual Studio Solution File, Format Version 12.00
# Visual Studio Version 16
VisualStudioVersion = 16.0.31424.327
MinimumVisualStudioVersion = 10.0.40219.1
Project("{FAE04EC0-301F-11D3-BF4B-00C04F79EFBC}") = "csharp-client", "csharp-client\csharp-client.csproj", "{51050DE4-A241-4455-8811-830C787C27F4}"
EndProject
Global
	GlobalSection(SolutionConfigurationPlatforms) = preSolution
		Debug|Any CPU = Debug|Any CPU
		Release|Any CPU = Release|Any CPU
	EndGlobalSection
	GlobalSection(ProjectConfigurationPlatforms) = postSolution
		{51050DE4-A241-4455-8811-830C787C27F4}.Debug|Any CPU.ActiveCfg = Debug|Any CPU
		{51050DE4-A241-4455-8811-830C787C27F4}.Debug|Any CPU.Build.0 = Debug|Any CPU
		{51050DE4-A241-4455-8811-830C787C27F4}.Release|Any CPU.ActiveCfg = Release|Any CPU
		{51050DE4-A241-4455-8811-830C787C27F4}.Release|Any CPU.Build.0 = Release|Any CPU
	EndGlobalSection
	GlobalSection(SolutionProperties) = preSolution
		HideSolutionNode = FALSE
	EndGlobalSection
	GlobalSection(ExtensibilityGlobals) = postSolution
		SolutionGuid = {409E0E95-68B7-49D2-88A7-A64159787F59}
	EndGlobalSection
EndGlobal
